
Microsoft Visual Studio Solution File, Format Version 12.00
# Visual Studio 15
VisualStudioVersion = 15.0.27428.2037
MinimumVisualStudioVersion = 10.0.40219.1
Project("{FAE04EC0-301F-11D3-BF4B-00C04F79EFBC}") = "MoldTracker", "UI_Insert_Del_UpdateView_Data_Grid_\MoldTracker.csproj", "{8D4F5CF7-0A8C-407E-9238-1A591F7ECCDA}"
EndProject
Global
	GlobalSection(SolutionConfigurationPlatforms) = preSolution
		Debug|Any CPU = Debug|Any CPU
		Release|Any CPU = Release|Any CPU
	EndGlobalSection
	GlobalSection(ProjectConfigurationPlatforms) = postSolution
		{8D4F5CF7-0A8C-407E-9238-1A591F7ECCDA}.Debug|Any CPU.ActiveCfg = Debug|Any CPU
		{8D4F5CF7-0A8C-407E-9238-1A591F7ECCDA}.Debug|Any CPU.Build.0 = Debug|Any CPU
		{8D4F5CF7-0A8C-407E-9238-1A591F7ECCDA}.Release|Any CPU.ActiveCfg = Release|Any CPU
		{8D4F5CF7-0A8C-407E-9238-1A591F7ECCDA}.Release|Any CPU.Build.0 = Release|Any CPU
	EndGlobalSection
	GlobalSection(SolutionProperties) = preSolution
		HideSolutionNode = FALSE
	EndGlobalSection
	GlobalSection(ExtensibilityGlobals) = postSolution
		SolutionGuid = {C856257F-C78C-4F27-A290-F9B1D9123D4E}
	EndGlobalSection
EndGlobal
